
Microsoft Visual Studio Solution File, Format Version 12.00
# Visual Studio Version 17
VisualStudioVersion = 17.13.35931.197
MinimumVisualStudioVersion = 10.0.40219.1
Project("{FAE04EC0-301F-11D3-BF4B-00C04F79EFBC}") = "FillGaps.StockTrack.ConsoleApp", "FillGaps.StockTrack.ConsoleApp.csproj", "{FABF5772-F649-4307-A642-49931D402220}"
EndProject
Project("{FAE04EC0-301F-11D3-BF4B-00C04F79EFBC}") = "FillGaps.StockTrack.ConsoleApp.Tests", "..\FillGaps.StockTrack.ConsoleApp.Tests\FillGaps.StockTrack.ConsoleApp.Tests.csproj", "{FA89A250-3CBF-4C6D-8208-CCC71FFC7C40}"
EndProject
Global
	GlobalSection(SolutionConfigurationPlatforms) = preSolution
		Debug|Any CPU = Debug|Any CPU
		Release|Any CPU = Release|Any CPU
	EndGlobalSection
	GlobalSection(ProjectConfigurationPlatforms) = postSolution
		{FABF5772-F649-4307-A642-49931D402220}.Debug|Any CPU.ActiveCfg = Debug|Any CPU
		{FABF5772-F649-4307-A642-49931D402220}.Debug|Any CPU.Build.0 = Debug|Any CPU
		{FABF5772-F649-4307-A642-49931D402220}.Release|Any CPU.ActiveCfg = Release|Any CPU
		{FABF5772-F649-4307-A642-49931D402220}.Release|Any CPU.Build.0 = Release|Any CPU
		{FA89A250-3CBF-4C6D-8208-CCC71FFC7C40}.Debug|Any CPU.ActiveCfg = Debug|Any CPU
		{FA89A250-3CBF-4C6D-8208-CCC71FFC7C40}.Debug|Any CPU.Build.0 = Debug|Any CPU
		{FA89A250-3CBF-4C6D-8208-CCC71FFC7C40}.Release|Any CPU.ActiveCfg = Release|Any CPU
		{FA89A250-3CBF-4C6D-8208-CCC71FFC7C40}.Release|Any CPU.Build.0 = Release|Any CPU
	EndGlobalSection
	GlobalSection(SolutionProperties) = preSolution
		HideSolutionNode = FALSE
	EndGlobalSection
	GlobalSection(ExtensibilityGlobals) = postSolution
		SolutionGuid = {B2EF93A5-3384-4565-8AAB-07575E6F0306}
	EndGlobalSection
EndGlobal
